Microsoft Visual Studio Solution File, Format Version 12.00
# Visual Studio Version 17
VisualStudioVersion = 17.5.2.0
MinimumVisualStudioVersion = 10.0.40219.1
Project("{FAE04EC0-301F-11D3-BF4B-00C04F79EFBC}") = "FacturacionMVC", "FacturacionMVC.csproj", "{A39E51D7-50A9-4B50-1765-58571C7760CF}"
EndProject
Global
	GlobalSection(SolutionConfigurationPlatforms) = preSolution
		Debug|Any CPU = Debug|Any CPU
		Release|Any CPU = Release|Any CPU
	EndGlobalSection
	GlobalSection(ProjectConfigurationPlatforms) = postSolution
		{A39E51D7-50A9-4B50-1765-58571C7760CF}.Debug|Any CPU.ActiveCfg = Debug|Any CPU
		{A39E51D7-50A9-4B50-1765-58571C7760CF}.Debug|Any CPU.Build.0 = Debug|Any CPU
		{A39E51D7-50A9-4B50-1765-58571C7760CF}.Release|Any CPU.ActiveCfg = Release|Any CPU
		{A39E51D7-50A9-4B50-1765-58571C7760CF}.Release|Any CPU.Build.0 = Release|Any CPU
	EndGlobalSection
	GlobalSection(SolutionProperties) = preSolution
		HideSolutionNode = FALSE
	EndGlobalSection
	GlobalSection(ExtensibilityGlobals) = postSolution
		SolutionGuid = {0229C666-6BF5-4F6C-B36F-618EABC0B88B}
	EndGlobalSection
EndGlobal
